
Microsoft Visual Studio Solution File, Format Version 12.00
# Visual Studio Version 17
VisualStudioVersion = 17.9.34902.65
MinimumVisualStudioVersion = 10.0.40219.1
Project("{FAE04EC0-301F-11D3-BF4B-00C04F79EFBC}") = "Serwis Książkowy", "Serwis Książkowy\Serwis Książkowy.csproj", "{2820AC92-DB2C-46A6-ACC6-43710C8681B9}"
EndProject
Global
	GlobalSection(SolutionConfigurationPlatforms) = preSolution
		Debug|Any CPU = Debug|Any CPU
		Release|Any CPU = Release|Any CPU
	EndGlobalSection
	GlobalSection(ProjectConfigurationPlatforms) = postSolution
		{2820AC92-DB2C-46A6-ACC6-43710C8681B9}.Debug|Any CPU.ActiveCfg = Debug|Any CPU
		{2820AC92-DB2C-46A6-ACC6-43710C8681B9}.Debug|Any CPU.Build.0 = Debug|Any CPU
		{2820AC92-DB2C-46A6-ACC6-43710C8681B9}.Release|Any CPU.ActiveCfg = Release|Any CPU
		{2820AC92-DB2C-46A6-ACC6-43710C8681B9}.Release|Any CPU.Build.0 = Release|Any CPU
	EndGlobalSection
	GlobalSection(SolutionProperties) = preSolution
		HideSolutionNode = FALSE
	EndGlobalSection
	GlobalSection(ExtensibilityGlobals) = postSolution
		SolutionGuid = {520C6317-1BE4-4C65-AAF1-5B44D0A77E0F}
	EndGlobalSection
EndGlobal
